
Microsoft Visual Studio Solution File, Format Version 12.00
# Visual Studio Version 17
VisualStudioVersion = 17.8.34330.188
MinimumVisualStudioVersion = 10.0.40219.1
Project("{FAE04EC0-301F-11D3-BF4B-00C04F79EFBC}") = "emp_details", "emp_details\emp_details.csproj", "{53AE39D1-EB74-495F-ABC7-B039871B6C3E}"
EndProject
Global
	GlobalSection(SolutionConfigurationPlatforms) = preSolution
		Debug|Any CPU = Debug|Any CPU
		Release|Any CPU = Release|Any CPU
	EndGlobalSection
	GlobalSection(ProjectConfigurationPlatforms) = postSolution
		{53AE39D1-EB74-495F-ABC7-B039871B6C3E}.Debug|Any CPU.ActiveCfg = Debug|Any CPU
		{53AE39D1-EB74-495F-ABC7-B039871B6C3E}.Debug|Any CPU.Build.0 = Debug|Any CPU
		{53AE39D1-EB74-495F-ABC7-B039871B6C3E}.Release|Any CPU.ActiveCfg = Release|Any CPU
		{53AE39D1-EB74-495F-ABC7-B039871B6C3E}.Release|Any CPU.Build.0 = Release|Any CPU
	EndGlobalSection
	GlobalSection(SolutionProperties) = preSolution
		HideSolutionNode = FALSE
	EndGlobalSection
	GlobalSection(ExtensibilityGlobals) = postSolution
		SolutionGuid = {6F046F4A-DA4E-49E4-8994-F45A4A1A864C}
	EndGlobalSection
EndGlobal
